
Microsoft Visual Studio Solution File, Format Version 12.00
# Visual Studio 2013
VisualStudioVersion = 12.0.21005.1
MinimumVisualStudioVersion = 10.0.40219.1
Project("{8BC9CEB8-8B4A-11D0-8D11-00A0C91BC942}") = "A_Dungeon_Game", "A_Dungeon_Game\A_Dungeon_Game.vcxproj", "{BEE6BCB4-610C-4632-9FC6-D796BAFA5140}"
EndProject
Project("{8BC9CEB8-8B4A-11D0-8D11-00A0C91BC942}") = "A_Largest_Number", "A_Largest_Number\A_Largest_Number.vcxproj", "{0E6EEDEF-DAA5-4D94-B135-A0623E76DA15}"
EndProject
Global
	GlobalSection(SolutionConfigurationPlatforms) = preSolution
		Debug|Win32 = Debug|Win32
		Release|Win32 = Release|Win32
	EndGlobalSection
	GlobalSection(ProjectConfigurationPlatforms) = postSolution
		{BEE6BCB4-610C-4632-9FC6-D796BAFA5140}.Debug|Win32.ActiveCfg = Debug|Win32
		{BEE6BCB4-610C-4632-9FC6-D796BAFA5140}.Debug|Win32.Build.0 = Debug|Win32
		{BEE6BCB4-610C-4632-9FC6-D796BAFA5140}.Release|Win32.ActiveCfg = Release|Win32
		{BEE6BCB4-610C-4632-9FC6-D796BAFA5140}.Release|Win32.Build.0 = Release|Win32
		{0E6EEDEF-DAA5-4D94-B135-A0623E76DA15}.Debug|Win32.ActiveCfg = Debug|Win32
		{0E6EEDEF-DAA5-4D94-B135-A0623E76DA15}.Debug|Win32.Build.0 = Debug|Win32
		{0E6EEDEF-DAA5-4D94-B135-A0623E76DA15}.Release|Win32.ActiveCfg = Release|Win32
		{0E6EEDEF-DAA5-4D94-B135-A0623E76DA15}.Release|Win32.Build.0 = Release|Win32
	EndGlobalSection
	GlobalSection(SolutionProperties) = preSolution
		HideSolutionNode = FALSE
	EndGlobalSection
EndGlobal
